
Microsoft Visual Studio Solution File, Format Version 12.00
# Visual Studio Version 16
VisualStudioVersion = 16.0.31702.278
MinimumVisualStudioVersion = 10.0.40219.1
Project("{FAE04EC0-301F-11D3-BF4B-00C04F79EFBC}") = "Projekt_architektura", "Projekt_architektura\Projekt_architektura.csproj", "{59C2877E-7889-425F-B0A7-E9779ED5630B}"
EndProject
Global
	GlobalSection(SolutionConfigurationPlatforms) = preSolution
		Debug|Any CPU = Debug|Any CPU
		Release|Any CPU = Release|Any CPU
	EndGlobalSection
	GlobalSection(ProjectConfigurationPlatforms) = postSolution
		{59C2877E-7889-425F-B0A7-E9779ED5630B}.Debug|Any CPU.ActiveCfg = Debug|Any CPU
		{59C2877E-7889-425F-B0A7-E9779ED5630B}.Debug|Any CPU.Build.0 = Debug|Any CPU
		{59C2877E-7889-425F-B0A7-E9779ED5630B}.Release|Any CPU.ActiveCfg = Release|Any CPU
		{59C2877E-7889-425F-B0A7-E9779ED5630B}.Release|Any CPU.Build.0 = Release|Any CPU
	EndGlobalSection
	GlobalSection(SolutionProperties) = preSolution
		HideSolutionNode = FALSE
	EndGlobalSection
	GlobalSection(ExtensibilityGlobals) = postSolution
		SolutionGuid = {28C23415-F134-4C72-99DE-B36405EDE145}
	EndGlobalSection
EndGlobal
